
Microsoft Visual Studio Solution File, Format Version 12.00
# Visual Studio Version 16
VisualStudioVersion = 16.0.30907.101
MinimumVisualStudioVersion = 10.0.40219.1
Project("{FAE04EC0-301F-11D3-BF4B-00C04F79EFBC}") = "DoorControl", "DoorControl\DoorControl.csproj", "{D8DFA45D-D72F-4D3C-B2E4-31ED0276911C}"
EndProject
Project("{FAE04EC0-301F-11D3-BF4B-00C04F79EFBC}") = "Door-unit-test", "Door-unit-test\Door-unit-test.csproj", "{9924486C-643C-4E04-88CE-A6CFC715C218}"
	ProjectSection(ProjectDependencies) = postProject
		{D8DFA45D-D72F-4D3C-B2E4-31ED0276911C} = {D8DFA45D-D72F-4D3C-B2E4-31ED0276911C}
	EndProjectSection
EndProject
Global
	GlobalSection(SolutionConfigurationPlatforms) = preSolution
		Debug|Any CPU = Debug|Any CPU
		Release|Any CPU = Release|Any CPU
	EndGlobalSection
	GlobalSection(ProjectConfigurationPlatforms) = postSolution
		{D8DFA45D-D72F-4D3C-B2E4-31ED0276911C}.Debug|Any CPU.ActiveCfg = Debug|Any CPU
		{D8DFA45D-D72F-4D3C-B2E4-31ED0276911C}.Debug|Any CPU.Build.0 = Debug|Any CPU
		{D8DFA45D-D72F-4D3C-B2E4-31ED0276911C}.Release|Any CPU.ActiveCfg = Release|Any CPU
		{D8DFA45D-D72F-4D3C-B2E4-31ED0276911C}.Release|Any CPU.Build.0 = Release|Any CPU
		{9924486C-643C-4E04-88CE-A6CFC715C218}.Debug|Any CPU.ActiveCfg = Debug|Any CPU
		{9924486C-643C-4E04-88CE-A6CFC715C218}.Debug|Any CPU.Build.0 = Debug|Any CPU
		{9924486C-643C-4E04-88CE-A6CFC715C218}.Release|Any CPU.ActiveCfg = Release|Any CPU
		{9924486C-643C-4E04-88CE-A6CFC715C218}.Release|Any CPU.Build.0 = Release|Any CPU
	EndGlobalSection
	GlobalSection(SolutionProperties) = preSolution
		HideSolutionNode = FALSE
	EndGlobalSection
	GlobalSection(ExtensibilityGlobals) = postSolution
		SolutionGuid = {D53BA1BB-0741-4C33-ACAD-78C06544BBB4}
	EndGlobalSection
EndGlobal
